
Microsoft Visual Studio Solution File, Format Version 12.00
# Visual Studio 15
VisualStudioVersion = 15.0.28307.489
MinimumVisualStudioVersion = 10.0.40219.1
Project("{FAE04EC0-301F-11D3-BF4B-00C04F79EFBC}") = "UI", "UI\UI.csproj", "{AADA45C2-2D82-4662-A381-8E7D42377BBB}"
EndProject
Project("{FAE04EC0-301F-11D3-BF4B-00C04F79EFBC}") = "DAL", "DAL\DAL.csproj", "{6A5739B6-E8A8-48D5-A83F-4FF3FC71553B}"
EndProject
Project("{FAE04EC0-301F-11D3-BF4B-00C04F79EFBC}") = "DTO", "DTO\DTO.csproj", "{9FC7A83D-9D24-47F0-99E9-92D30AC07770}"
EndProject
Global
	GlobalSection(SolutionConfigurationPlatforms) = preSolution
		Debug|Any CPU = Debug|Any CPU
		Release|Any CPU = Release|Any CPU
	EndGlobalSection
	GlobalSection(ProjectConfigurationPlatforms) = postSolution
		{AADA45C2-2D82-4662-A381-8E7D42377BBB}.Debug|Any CPU.ActiveCfg = Debug|Any CPU
		{AADA45C2-2D82-4662-A381-8E7D42377BBB}.Debug|Any CPU.Build.0 = Debug|Any CPU
		{AADA45C2-2D82-4662-A381-8E7D42377BBB}.Release|Any CPU.ActiveCfg = Release|Any CPU
		{AADA45C2-2D82-4662-A381-8E7D42377BBB}.Release|Any CPU.Build.0 = Release|Any CPU
		{6A5739B6-E8A8-48D5-A83F-4FF3FC71553B}.Debug|Any CPU.ActiveCfg = Debug|Any CPU
		{6A5739B6-E8A8-48D5-A83F-4FF3FC71553B}.Debug|Any CPU.Build.0 = Debug|Any CPU
		{6A5739B6-E8A8-48D5-A83F-4FF3FC71553B}.Release|Any CPU.ActiveCfg = Release|Any CPU
		{6A5739B6-E8A8-48D5-A83F-4FF3FC71553B}.Release|Any CPU.Build.0 = Release|Any CPU
		{9FC7A83D-9D24-47F0-99E9-92D30AC07770}.Debug|Any CPU.ActiveCfg = Debug|Any CPU
		{9FC7A83D-9D24-47F0-99E9-92D30AC07770}.Debug|Any CPU.Build.0 = Debug|Any CPU
		{9FC7A83D-9D24-47F0-99E9-92D30AC07770}.Release|Any CPU.ActiveCfg = Release|Any CPU
		{9FC7A83D-9D24-47F0-99E9-92D30AC07770}.Release|Any CPU.Build.0 = Release|Any CPU
	EndGlobalSection
	GlobalSection(SolutionProperties) = preSolution
		HideSolutionNode = FALSE
	EndGlobalSection
	GlobalSection(ExtensibilityGlobals) = postSolution
		SolutionGuid = {EF1D4001-CBE6-4F03-8D65-B4B720AD2332}
	EndGlobalSection
EndGlobal
